<?xml version="1.0" encoding="utf-8"?>
<Project ToolsVersion="4.0" xmlns="http://schemas.microsoft.com/developer/msbuild/2003">
  <ItemGroup>
    <Filter Include="Source Files">
      <UniqueIdentifier>{4FC737F1-C7A5-4376-A066-2A32D752A2FF}</UniqueIdentifier>
      <Extensions>cpp;c;cc;cxx;def;odl;idl;hpj;bat;asm;asmx</Extensions>
    </Filter>
    <Filter Include="Resource Files">
      <UniqueIdentifier>{67DA6AB6-F800-4c08-8B7A-83BB121AAD01}</UniqueIdentifier>
      <Extensions>rc;ico;cur;bmp;dlg;rc2;rct;bin;rgs;gif;jpg;jpeg;jpe;resx;tiff;tif;png;wav</Extensions>
    </Filter>
    <Filter Include="Source Files\LibraryCode">
      <UniqueIdentifier>{a4de3cc5-deae-4a9d-8647-030dec3e496d}</UniqueIdentifier>
    </Filter>
    <Filter Include="Header Files">
      <UniqueIdentifier>{93995380-89BD-4b04-88EB-625FBE52EBFB}</UniqueIdentifier>
      <Extensions>h;hpp;hxx;hm;inl;inc;xsd</Extensions>
    </Filter>
    <Filter Include="Header Files\LibraryHeaders">
      <UniqueIdentifier>{e5f7b242-8fa2-425f-8b89-8830a7412728}</UniqueIdentifier>
    </Filter>
  </ItemGroup>
  <ItemGroup>
    <ClCompile Include="SPMonitor.cpp">
      <Filter>Source Files</Filter>
    </ClCompile>
    <ClCompile Include="stdafx.cpp">
      <Filter>Source Files</Filter>
    </ClCompile>
    <ClCompile Include="..\..\RegGen\RegDecV3.cpp">
      <Filter>Source Files\LibraryCode</Filter>
    </ClCompile>
    <ClCompile Include="..\..\RegGen\RegKeyRegistryFuncs.cpp">
      <Filter>Source Files\LibraryCode</Filter>
    </ClCompile>
    <ClCompile Include="..\..\CommonCode\CheckForUpdate.cpp">
      <Filter>Source Files\LibraryCode</Filter>
    </ClCompile>
    <ClCompile Include="..\..\CommonAboutBoxV3Reg\VerUtil.cpp">
      <Filter>Source Files\LibraryCode</Filter>
    </ClCompile>
    <ClCompile Include="..\..\CommonAboutBoxV3Reg\time_t_funcs.cpp">
      <Filter>Source Files\LibraryCode</Filter>
    </ClCompile>
    <ClCompile Include="..\SpaceCon\CommonToBoth.cpp">
      <Filter>Source Files</Filter>
    </ClCompile>
    <ClCompile Include="..\..\CommonCode\MiscFunctions.cpp">
      <Filter>Source Files\LibraryCode</Filter>
    </ClCompile>
  </ItemGroup>
  <ItemGroup>
    <ClInclude Include="Resource.h">
      <Filter>Header Files</Filter>
    </ClInclude>
    <ClInclude Include="SPMonitor.h">
      <Filter>Header Files</Filter>
    </ClInclude>
    <ClInclude Include="stdafx.h">
      <Filter>Header Files</Filter>
    </ClInclude>
    <ClInclude Include="..\..\RegGen\RegDecV3.h">
      <Filter>Header Files\LibraryHeaders</Filter>
    </ClInclude>
    <ClInclude Include="..\..\RegGen\RegKeyRegistryFuncs.h">
      <Filter>Header Files\LibraryHeaders</Filter>
    </ClInclude>
    <ClInclude Include="..\..\CommonCode\CheckForUpdate.h">
      <Filter>Header Files\LibraryHeaders</Filter>
    </ClInclude>
    <ClInclude Include="..\..\CommonAboutBoxV3Reg\VerUtil.h">
      <Filter>Header Files\LibraryHeaders</Filter>
    </ClInclude>
    <ClInclude Include="..\..\CommonAboutBoxV3Reg\time_t_funcs.h">
      <Filter>Header Files\LibraryHeaders</Filter>
    </ClInclude>
    <ClInclude Include="..\SpaceCon\CommonToBoth.h">
      <Filter>Header Files</Filter>
    </ClInclude>
    <ClInclude Include="..\..\CommonCode\MiscFunctions.h">
      <Filter>Header Files\LibraryHeaders</Filter>
    </ClInclude>
  </ItemGroup>
  <ItemGroup>
    <None Include="ICON1.ICO">
      <Filter>Resource Files</Filter>
    </None>
    <None Include="small.ico">
      <Filter>Resource Files</Filter>
    </None>
    <None Include="SpaceCon.ico">
      <Filter>Resource Files</Filter>
    </None>
    <None Include="ReadMe.txt" />
  </ItemGroup>
  <ItemGroup>
    <ResourceCompile Include="SPMonitor.rc">
      <Filter>Resource Files</Filter>
    </ResourceCompile>
    <ResourceCompile Include="..\..\CommonAboutBoxV3Reg\AboutDlg.rc">
      <Filter>Resource Files</Filter>
    </ResourceCompile>
  </ItemGroup>
</Project>